
Microsoft Visual Studio Solution File, Format Version 12.00
# Visual Studio Version 17
VisualStudioVersion = 17.13.35919.96
MinimumVisualStudioVersion = 10.0.40219.1
Project("{9A19103F-16F7-4668-BE54-9A1E7A4F7556}") = "FrontDoacaoDeAlimentos", "FrontDoacaoDeAlimentos.csproj", "{28C112EB-2B0F-444D-841C-926F9D246591}"
	ProjectSection(ProjectDependencies) = postProject
		{6C2D0AD1-BAB1-4880-B9FD-C11BDDB453DF} = {6C2D0AD1-BAB1-4880-B9FD-C11BDDB453DF}
	EndProjectSection
EndProject
Project("{FAE04EC0-301F-11D3-BF4B-00C04F79EFBC}") = "BackDoacaoDeAlimentos", "..\BackDoacaoDeAlimentos\BackDoacaoDeAlimentos.csproj", "{95BCF593-5A8C-4F29-BF78-24923E6868D6}"
	ProjectSection(ProjectDependencies) = postProject
		{6C2D0AD1-BAB1-4880-B9FD-C11BDDB453DF} = {6C2D0AD1-BAB1-4880-B9FD-C11BDDB453DF}
	EndProjectSection
EndProject
Project("{FAE04EC0-301F-11D3-BF4B-00C04F79EFBC}") = "TCCDoacaoDeAlimentos.Shared", "..\TCCDoacaoDeAlimentos.Shared\TCCDoacaoDeAlimentos.Shared.csproj", "{6C2D0AD1-BAB1-4880-B9FD-C11BDDB453DF}"
EndProject
Global
	GlobalSection(SolutionConfigurationPlatforms) = preSolution
		Debug|Any CPU = Debug|Any CPU
		Release|Any CPU = Release|Any CPU
	EndGlobalSection
	GlobalSection(ProjectConfigurationPlatforms) = postSolution
		{28C112EB-2B0F-444D-841C-926F9D246591}.Debug|Any CPU.ActiveCfg = Debug|Any CPU
		{28C112EB-2B0F-444D-841C-926F9D246591}.Debug|Any CPU.Build.0 = Debug|Any CPU
		{28C112EB-2B0F-444D-841C-926F9D246591}.Release|Any CPU.ActiveCfg = Release|Any CPU
		{28C112EB-2B0F-444D-841C-926F9D246591}.Release|Any CPU.Build.0 = Release|Any CPU
		{95BCF593-5A8C-4F29-BF78-24923E6868D6}.Debug|Any CPU.ActiveCfg = Debug|Any CPU
		{95BCF593-5A8C-4F29-BF78-24923E6868D6}.Debug|Any CPU.Build.0 = Debug|Any CPU
		{95BCF593-5A8C-4F29-BF78-24923E6868D6}.Release|Any CPU.ActiveCfg = Release|Any CPU
		{95BCF593-5A8C-4F29-BF78-24923E6868D6}.Release|Any CPU.Build.0 = Release|Any CPU
		{6C2D0AD1-BAB1-4880-B9FD-C11BDDB453DF}.Debug|Any CPU.ActiveCfg = Debug|Any CPU
		{6C2D0AD1-BAB1-4880-B9FD-C11BDDB453DF}.Debug|Any CPU.Build.0 = Debug|Any CPU
		{6C2D0AD1-BAB1-4880-B9FD-C11BDDB453DF}.Release|Any CPU.ActiveCfg = Release|Any CPU
		{6C2D0AD1-BAB1-4880-B9FD-C11BDDB453DF}.Release|Any CPU.Build.0 = Release|Any CPU
	EndGlobalSection
	GlobalSection(SolutionProperties) = preSolution
		HideSolutionNode = FALSE
	EndGlobalSection
	GlobalSection(ExtensibilityGlobals) = postSolution
		SolutionGuid = {55314697-E7F2-422D-8B21-08556E5DCC35}
	EndGlobalSection
EndGlobal
